
Microsoft Visual Studio Solution File, Format Version 12.00
# Visual Studio 15
VisualStudioVersion = 15.0.28307.271
MinimumVisualStudioVersion = 10.0.40219.1
Project("{FAE04EC0-301F-11D3-BF4B-00C04F79EFBC}") = "SnapToGrid", "SnapToGrid\SnapToGrid.csproj", "{52A24B85-FB39-417E-A71B-709689E32C74}"
EndProject
Global
	GlobalSection(SolutionConfigurationPlatforms) = preSolution
		Debug|Any CPU = Debug|Any CPU
		Release|Any CPU = Release|Any CPU
	EndGlobalSection
	GlobalSection(ProjectConfigurationPlatforms) = postSolution
		{52A24B85-FB39-417E-A71B-709689E32C74}.Debug|Any CPU.ActiveCfg = Debug|Any CPU
		{52A24B85-FB39-417E-A71B-709689E32C74}.Debug|Any CPU.Build.0 = Debug|Any CPU
		{52A24B85-FB39-417E-A71B-709689E32C74}.Release|Any CPU.ActiveCfg = Release|Any CPU
		{52A24B85-FB39-417E-A71B-709689E32C74}.Release|Any CPU.Build.0 = Release|Any CPU
	EndGlobalSection
	GlobalSection(SolutionProperties) = preSolution
		HideSolutionNode = FALSE
	EndGlobalSection
	GlobalSection(ExtensibilityGlobals) = postSolution
		SolutionGuid = {5E4403B5-96C5-43DD-8762-F4D7A83CCE63}
	EndGlobalSection
EndGlobal
